
Microsoft Visual Studio Solution File, Format Version 12.00
# Visual Studio 2013
VisualStudioVersion = 12.0.31101.0
MinimumVisualStudioVersion = 10.0.40219.1
Project("{FAE04EC0-301F-11D3-BF4B-00C04F79EFBC}") = "Simple9Patch", "Simple9Patch\Simple9Patch.csproj", "{BD859DBF-E0B5-4EB7-8033-D25BB3D0135A}"
EndProject
Global
	GlobalSection(SolutionConfigurationPlatforms) = preSolution
		Debug|Any CPU = Debug|Any CPU
		Release|Any CPU = Release|Any CPU
	EndGlobalSection
	GlobalSection(ProjectConfigurationPlatforms) = postSolution
		{BD859DBF-E0B5-4EB7-8033-D25BB3D0135A}.Debug|Any CPU.ActiveCfg = Debug|Any CPU
		{BD859DBF-E0B5-4EB7-8033-D25BB3D0135A}.Debug|Any CPU.Build.0 = Debug|Any CPU
		{BD859DBF-E0B5-4EB7-8033-D25BB3D0135A}.Release|Any CPU.ActiveCfg = Release|Any CPU
		{BD859DBF-E0B5-4EB7-8033-D25BB3D0135A}.Release|Any CPU.Build.0 = Release|Any CPU
	EndGlobalSection
	GlobalSection(SolutionProperties) = preSolution
		HideSolutionNode = FALSE
	EndGlobalSection
EndGlobal
